
Microsoft Visual Studio Solution File, Format Version 12.00
# Visual Studio Version 16
VisualStudioVersion = 16.0.29411.108
MinimumVisualStudioVersion = 10.0.40219.1
Project("{9A19103F-16F7-4668-BE54-9A1E7A4F7556}") = "MVC_Assignment", "MVC_Assignment\MVC_Assignment.csproj", "{05A4F5DF-3DD6-4D41-A2CC-5F9C50C1AE82}"
EndProject
Global
	GlobalSection(SolutionConfigurationPlatforms) = preSolution
		Debug|Any CPU = Debug|Any CPU
		Release|Any CPU = Release|Any CPU
	EndGlobalSection
	GlobalSection(ProjectConfigurationPlatforms) = postSolution
		{05A4F5DF-3DD6-4D41-A2CC-5F9C50C1AE82}.Debug|Any CPU.ActiveCfg = Debug|Any CPU
		{05A4F5DF-3DD6-4D41-A2CC-5F9C50C1AE82}.Debug|Any CPU.Build.0 = Debug|Any CPU
		{05A4F5DF-3DD6-4D41-A2CC-5F9C50C1AE82}.Release|Any CPU.ActiveCfg = Release|Any CPU
		{05A4F5DF-3DD6-4D41-A2CC-5F9C50C1AE82}.Release|Any CPU.Build.0 = Release|Any CPU
	EndGlobalSection
	GlobalSection(SolutionProperties) = preSolution
		HideSolutionNode = FALSE
	EndGlobalSection
	GlobalSection(ExtensibilityGlobals) = postSolution
		SolutionGuid = {308B41A8-99CD-4514-81F2-59C757E8A434}
	EndGlobalSection
EndGlobal
